
Microsoft Visual Studio Solution File, Format Version 12.00
# Visual Studio Version 16
VisualStudioVersion = 16.0.33529.622
MinimumVisualStudioVersion = 10.0.40219.1
Project("{FAE04EC0-301F-11D3-BF4B-00C04F79EFBC}") = "Hjælp Jakob", "Hjælp Jakob\Hjælp Jakob.csproj", "{CF28A237-E773-4196-B2F8-DB6D23AF6CE2}"
EndProject
Global
	GlobalSection(SolutionConfigurationPlatforms) = preSolution
		Debug|Any CPU = Debug|Any CPU
		Release|Any CPU = Release|Any CPU
	EndGlobalSection
	GlobalSection(ProjectConfigurationPlatforms) = postSolution
		{CF28A237-E773-4196-B2F8-DB6D23AF6CE2}.Debug|Any CPU.ActiveCfg = Debug|Any CPU
		{CF28A237-E773-4196-B2F8-DB6D23AF6CE2}.Debug|Any CPU.Build.0 = Debug|Any CPU
		{CF28A237-E773-4196-B2F8-DB6D23AF6CE2}.Release|Any CPU.ActiveCfg = Release|Any CPU
		{CF28A237-E773-4196-B2F8-DB6D23AF6CE2}.Release|Any CPU.Build.0 = Release|Any CPU
	EndGlobalSection
	GlobalSection(SolutionProperties) = preSolution
		HideSolutionNode = FALSE
	EndGlobalSection
	GlobalSection(ExtensibilityGlobals) = postSolution
		SolutionGuid = {4BCE5672-3565-4DED-AE05-C5166C5FD708}
	EndGlobalSection
EndGlobal
